
Microsoft Visual Studio Solution File, Format Version 12.00
# Visual Studio 15
Project("{FAE04EC0-301F-11D3-BF4B-00C04F79EFBC}") = "Assembly-CSharp", "Assembly-CSharp.csproj", "{86C0444A-F5B3-F5EF-2F71-984DE656D63C}"
EndProject
Global
	GlobalSection(SolutionConfigurationPlatforms) = preSolution
		Debug|Any CPU = Debug|Any CPU
		Release|Any CPU = Release|Any CPU
	EndGlobalSection
	GlobalSection(ProjectConfigurationPlatforms) = postSolution
		{86C0444A-F5B3-F5EF-2F71-984DE656D63C}.Debug|Any CPU.ActiveCfg = Debug|Any CPU
		{86C0444A-F5B3-F5EF-2F71-984DE656D63C}.Debug|Any CPU.Build.0 = Debug|Any CPU
		{86C0444A-F5B3-F5EF-2F71-984DE656D63C}.Release|Any CPU.ActiveCfg = Release|Any CPU
		{86C0444A-F5B3-F5EF-2F71-984DE656D63C}.Release|Any CPU.Build.0 = Release|Any CPU
	EndGlobalSection
	GlobalSection(SolutionProperties) = preSolution
		HideSolutionNode = FALSE
	EndGlobalSection
EndGlobal
